
Microsoft Visual Studio Solution File, Format Version 12.00
# Visual Studio Version 17
VisualStudioVersion = 17.6.33815.320
MinimumVisualStudioVersion = 10.0.40219.1
Project("{FAE04EC0-301F-11D3-BF4B-00C04F79EFBC}") = "gyakorlat_9", "gyakorlat_9\gyakorlat_9.csproj", "{832F6D10-A1C0-485B-933A-CDE54E1F5EEB}"
EndProject
Global
	GlobalSection(SolutionConfigurationPlatforms) = preSolution
		Debug|Any CPU = Debug|Any CPU
		Release|Any CPU = Release|Any CPU
	EndGlobalSection
	GlobalSection(ProjectConfigurationPlatforms) = postSolution
		{832F6D10-A1C0-485B-933A-CDE54E1F5EEB}.Debug|Any CPU.ActiveCfg = Debug|Any CPU
		{832F6D10-A1C0-485B-933A-CDE54E1F5EEB}.Debug|Any CPU.Build.0 = Debug|Any CPU
		{832F6D10-A1C0-485B-933A-CDE54E1F5EEB}.Release|Any CPU.ActiveCfg = Release|Any CPU
		{832F6D10-A1C0-485B-933A-CDE54E1F5EEB}.Release|Any CPU.Build.0 = Release|Any CPU
	EndGlobalSection
	GlobalSection(SolutionProperties) = preSolution
		HideSolutionNode = FALSE
	EndGlobalSection
	GlobalSection(ExtensibilityGlobals) = postSolution
		SolutionGuid = {AAA42802-0E40-4F7D-8EA6-22197D0F3C44}
	EndGlobalSection
EndGlobal
